{
  "originHash" : "9b0e8526d68e69f18b1f1c8f4dfb87209faae87a6f080a3a42347ef7ae3b96db",
  "pins" : [
    {
      "identity" : "alerttoast",
      "kind" : "remoteSourceControl",
      "location" : "git@github.com:elai950/AlertToast.git",
      "state" : {
        "revision" : "b39252eacd159904afd7d718bba0afabb87f2f2f",
        "version" : "1.3.9"
      }
    },
    {
      "identity" : "swift-sunrise-sunset",
      "kind" : "remoteSourceControl",
      "location" : "git@github.com:natesabrown/swift-sunrise-sunset.git",
      "state" : {
        "revision" : "c1c8d064fc7559de21d4965564155a2eea9c4769",
        "version" : "0.2.0"
      }
    }
  ],
  "version" : 3
}
