{
  "originHash" : "94dcc347e418225cba8657b07f9295c2f697fe1d0b7ea10eb152980ddad84bbd",
  "pins" : [
    {
      "identity" : "alerttoast",
      "kind" : "remoteSourceControl",
      "location" : "git@github.com:elai950/AlertToast.git",
      "state" : {
        "revision" : "b39252eacd159904afd7d718bba0afabb87f2f2f",
        "version" : "1.3.9"
      }
    },
    {
      "identity" : "snapkit",
      "kind" : "remoteSourceControl",
      "location" : "git@github.com:SnapKit/SnapKit.git",
      "state" : {
        "revision" : "2842e6e84e82eb9a8dac0100ca90d9444b0307f4",
        "version" : "5.7.1"
      }
    },
    {
      "identity" : "swift-sunrise-sunset",
      "kind" : "remoteSourceControl",
      "location" : "git@github.com:natesabrown/swift-sunrise-sunset.git",
      "state" : {
        "revision" : "c1c8d064fc7559de21d4965564155a2eea9c4769",
        "version" : "0.2.0"
      }
    }
  ],
  "version" : 3
}
